
Microsoft Visual Studio Solution File, Format Version 12.00
# Visual Studio Version 17
VisualStudioVersion = 17.0.31903.59
MinimumVisualStudioVersion = 10.0.40219.1
Project("{2150E333-8FDC-42A3-9474-1A3956D46DE8}") = "src", "src", "{161C8B96-D8D2-4DB6-9C44-6190DDADC927}"
EndProject
Project("{FAE04EC0-301F-11D3-BF4B-00C04F79EFBC}") = "BlogSite.Domain", "src\BlogSite.Domain\BlogSite.Domain.csproj", "{2635B799-8EA2-4387-AD51-E3F7BB095E4B}"
EndProject
Project("{FAE04EC0-301F-11D3-BF4B-00C04F79EFBC}") = "BlogSite.Application", "src\BlogSite.Application\BlogSite.Application.csproj", "{CBCCF64E-69EC-4262-99AD-9BFE3C6CA869}"
EndProject
Project("{FAE04EC0-301F-11D3-BF4B-00C04F79EFBC}") = "BlogSite.Infrastructure", "src\BlogSite.Infrastructure\BlogSite.Infrastructure.csproj", "{A3FC6625-F245-4580-8B8C-01B68A722306}"
EndProject
Project("{FAE04EC0-301F-11D3-BF4B-00C04F79EFBC}") = "BlogSite.API", "src\BlogSite.API\BlogSite.API.csproj", "{ECD49824-AC20-4E2E-A089-82AFCAA70FEC}"
EndProject
Global
	GlobalSection(SolutionConfigurationPlatforms) = preSolution
		Debug|Any CPU = Debug|Any CPU
		Release|Any CPU = Release|Any CPU
	EndGlobalSection
	GlobalSection(SolutionProperties) = preSolution
		HideSolutionNode = FALSE
	EndGlobalSection
	GlobalSection(ProjectConfigurationPlatforms) = postSolution
		{2635B799-8EA2-4387-AD51-E3F7BB095E4B}.Debug|Any CPU.ActiveCfg = Debug|Any CPU
		{2635B799-8EA2-4387-AD51-E3F7BB095E4B}.Debug|Any CPU.Build.0 = Debug|Any CPU
		{2635B799-8EA2-4387-AD51-E3F7BB095E4B}.Release|Any CPU.ActiveCfg = Release|Any CPU
		{2635B799-8EA2-4387-AD51-E3F7BB095E4B}.Release|Any CPU.Build.0 = Release|Any CPU
		{CBCCF64E-69EC-4262-99AD-9BFE3C6CA869}.Debug|Any CPU.ActiveCfg = Debug|Any CPU
		{CBCCF64E-69EC-4262-99AD-9BFE3C6CA869}.Debug|Any CPU.Build.0 = Debug|Any CPU
		{CBCCF64E-69EC-4262-99AD-9BFE3C6CA869}.Release|Any CPU.ActiveCfg = Release|Any CPU
		{CBCCF64E-69EC-4262-99AD-9BFE3C6CA869}.Release|Any CPU.Build.0 = Release|Any CPU
		{A3FC6625-F245-4580-8B8C-01B68A722306}.Debug|Any CPU.ActiveCfg = Debug|Any CPU
		{A3FC6625-F245-4580-8B8C-01B68A722306}.Debug|Any CPU.Build.0 = Debug|Any CPU
		{A3FC6625-F245-4580-8B8C-01B68A722306}.Release|Any CPU.ActiveCfg = Release|Any CPU
		{A3FC6625-F245-4580-8B8C-01B68A722306}.Release|Any CPU.Build.0 = Release|Any CPU
		{ECD49824-AC20-4E2E-A089-82AFCAA70FEC}.Debug|Any CPU.ActiveCfg = Debug|Any CPU
		{ECD49824-AC20-4E2E-A089-82AFCAA70FEC}.Debug|Any CPU.Build.0 = Debug|Any CPU
		{ECD49824-AC20-4E2E-A089-82AFCAA70FEC}.Release|Any CPU.ActiveCfg = Release|Any CPU
		{ECD49824-AC20-4E2E-A089-82AFCAA70FEC}.Release|Any CPU.Build.0 = Release|Any CPU
	EndGlobalSection
	GlobalSection(NestedProjects) = preSolution
		{2635B799-8EA2-4387-AD51-E3F7BB095E4B} = {161C8B96-D8D2-4DB6-9C44-6190DDADC927}
		{CBCCF64E-69EC-4262-99AD-9BFE3C6CA869} = {161C8B96-D8D2-4DB6-9C44-6190DDADC927}
		{A3FC6625-F245-4580-8B8C-01B68A722306} = {161C8B96-D8D2-4DB6-9C44-6190DDADC927}
		{ECD49824-AC20-4E2E-A089-82AFCAA70FEC} = {161C8B96-D8D2-4DB6-9C44-6190DDADC927}
	EndGlobalSection
EndGlobal
